
Microsoft Visual Studio Solution File, Format Version 12.00
# Visual Studio Version 16
VisualStudioVersion = 16.0.30611.23
MinimumVisualStudioVersion = 10.0.40219.1
Project("{FAE04EC0-301F-11D3-BF4B-00C04F79EFBC}") = "ProductOrdersApi", "ProductOrdersApi.csproj", "{B0DCBD75-607D-4E8E-8E01-A4729F546A97}"
EndProject
Project("{FAE04EC0-301F-11D3-BF4B-00C04F79EFBC}") = "ProductAPITest", "..\ProductAPITest\ProductAPITest.csproj", "{25D997DE-3ADF-4C61-88B4-126BFB9AC76A}"
EndProject
Global
	GlobalSection(SolutionConfigurationPlatforms) = preSolution
		Debug|Any CPU = Debug|Any CPU
		Release|Any CPU = Release|Any CPU
	EndGlobalSection
	GlobalSection(ProjectConfigurationPlatforms) = postSolution
		{B0DCBD75-607D-4E8E-8E01-A4729F546A97}.Debug|Any CPU.ActiveCfg = Debug|Any CPU
		{B0DCBD75-607D-4E8E-8E01-A4729F546A97}.Debug|Any CPU.Build.0 = Debug|Any CPU
		{B0DCBD75-607D-4E8E-8E01-A4729F546A97}.Release|Any CPU.ActiveCfg = Release|Any CPU
		{B0DCBD75-607D-4E8E-8E01-A4729F546A97}.Release|Any CPU.Build.0 = Release|Any CPU
		{25D997DE-3ADF-4C61-88B4-126BFB9AC76A}.Debug|Any CPU.ActiveCfg = Debug|Any CPU
		{25D997DE-3ADF-4C61-88B4-126BFB9AC76A}.Debug|Any CPU.Build.0 = Debug|Any CPU
		{25D997DE-3ADF-4C61-88B4-126BFB9AC76A}.Release|Any CPU.ActiveCfg = Release|Any CPU
		{25D997DE-3ADF-4C61-88B4-126BFB9AC76A}.Release|Any CPU.Build.0 = Release|Any CPU
	EndGlobalSection
	GlobalSection(SolutionProperties) = preSolution
		HideSolutionNode = FALSE
	EndGlobalSection
	GlobalSection(ExtensibilityGlobals) = postSolution
		SolutionGuid = {BDC33E6E-AAEB-4091-AFC9-33F3026683F9}
	EndGlobalSection
EndGlobal
